
Microsoft Visual Studio Solution File, Format Version 12.00
# Visual Studio Version 17
VisualStudioVersion = 17.0.31903.59
MinimumVisualStudioVersion = 10.0.40219.1
Project("{FAE04EC0-301F-11D3-BF4B-00C04F79EFBC}") = "GuildBuddy", "GuildBuddy\GuildBuddy.csproj", "{57CFF36B-9AF7-4C16-81F0-18A7D4647EF0}"
EndProject
Global
	GlobalSection(SolutionConfigurationPlatforms) = preSolution
		Debug|Any CPU = Debug|Any CPU
		Release|Any CPU = Release|Any CPU
	EndGlobalSection
	GlobalSection(ProjectConfigurationPlatforms) = postSolution
		{57CFF36B-9AF7-4C16-81F0-18A7D4647EF0}.Debug|Any CPU.ActiveCfg = Debug|Any CPU
		{57CFF36B-9AF7-4C16-81F0-18A7D4647EF0}.Debug|Any CPU.Build.0 = Debug|Any CPU
		{57CFF36B-9AF7-4C16-81F0-18A7D4647EF0}.Release|Any CPU.ActiveCfg = Release|Any CPU
		{57CFF36B-9AF7-4C16-81F0-18A7D4647EF0}.Release|Any CPU.Build.0 = Release|Any CPU
	EndGlobalSection
	GlobalSection(SolutionProperties) = preSolution
		HideSolutionNode = FALSE
	EndGlobalSection
	GlobalSection(ExtensibilityGlobals) = postSolution
		SolutionGuid = {36B1E261-3E72-4D96-9A80-6870FE3E8BB9}
	EndGlobalSection
EndGlobal
